// !$*UTF8*$!
{
	archiveVersion = 1;
	classes = {
	};
	objectVersion = 48;
	objects = {

/* Begin PBXBuildFile section */
		FE4352882010CB170003B5FA /* AppDelegate.swift in Sources */ = {isa = PBXBuildFile; fileRef = FE4352872010CB170003B5FA /* AppDelegate.swift */; };
		FE43528A2010CB170003B5FA /* ViewController.swift in Sources */ = {isa = PBXBuildFile; fileRef = FE4352892010CB170003B5FA /* ViewController.swift */; };
		FE43528D2010CB170003B5FA /* Main.storyboard in Resources */ = {isa = PBXBuildFile; fileRef = FE43528B2010CB170003B5FA /* Main.storyboard */; };
		FE4352902010CB170003B5FA /* pills.xcdatamodeld in Sources */ = {isa = PBXBuildFile; fileRef = FE43528E2010CB170003B5FA /* pills.xcdatamodeld */; };
		FE4352922010CB170003B5FA /* Assets.xcassets in Resources */ = {isa = PBXBuildFile; fileRef = FE4352912010CB170003B5FA /* Assets.xcassets */; };
		FE4352952010CB170003B5FA /* LaunchScreen.storyboard in Resources */ = {isa = PBXBuildFile; fileRef = FE4352932010CB170003B5FA /* LaunchScreen.storyboard */; };
/* End PBXBuildFile section */

/* Begin PBXFileReference section */
		FE4352842010CB170003B5FA /* pills.app */ = {isa = PBXFileReference; explicitFileType = wrapper.application; includeInIndex = 0; path = pills.app; sourceTree = BUILT_PRODUCTS_DIR; };
		FE4352872010CB170003B5FA /* AppDelegate.swift */ = {isa = PBXFileReference; lastKnownFileType = sourcecode.swift; path = AppDelegate.swift; sourceTree = "<group>"; };
		FE4352892010CB170003B5FA /* ViewController.swift */ = {isa = PBXFileReference; lastKnownFileType = sourcecode.swift; path = ViewController.swift; sourceTree = "<group>"; };
		FE43528C2010CB170003B5FA /* Base */ = {isa = PBXFileReference; lastKnownFileType = file.storyboard; name = Base; path = Base.lproj/Main.storyboard; sourceTree = "<group>"; };
		FE43528F2010CB170003B5FA /* pills.xcdatamodel */ = {isa = PBXFileReference; lastKnownFileType = wrapper.xcdatamodel; path = pills.xcdatamodel; sourceTree = "<group>"; };
		FE4352912010CB170003B5FA /* Assets.xcassets */ = {isa = PBXFileReference; lastKnownFileType = folder.assetcatalog; path = Assets.xcassets; sourceTree = "<group>"; };
		FE4352942010CB170003B5FA /* Base */ = {isa = PBXFileReference; lastKnownFileType = file.storyboard; name = Base; path = Base.lproj/LaunchScreen.storyboard; sourceTree = "<group>"; };
		FE4352962010CB170003B5FA /* Info.plist */ = {isa = PBXFileReference; lastKnownFileType = text.plist.xml; path = Info.plist; sourceTree = "<group>"; };
/* End PBXFileReference section */

/* Begin PBXFrameworksBuildPhase section */
		FE4352812010CB170003B5FA /* Frameworks */ = {
			isa = PBXFrameworksBuildPhase;
			buildActionMask = 2147483647;
			files = (
			);
			runOnlyForDeploymentPostprocessing = 0;
		};
/* End PBXFrameworksBuildPhase section */

/* Begin PBXGroup section */
		FE43527B2010CB170003B5FA = {
			isa = PBXGroup;
			children = (
				FE4352862010CB170003B5FA /* pills */,
				FE4352852010CB170003B5FA /* Products */,
			);
			sourceTree = "<group>";
		};
		FE4352852010CB170003B5FA /* Products */ = {
			isa = PBXGroup;
			children = (
				FE4352842010CB170003B5FA /* pills.app */,
			);
			name = Products;
			sourceTree = "<group>";
		};
		FE4352862010CB170003B5FA /* pills */ = {
			isa = PBXGroup;
			children = (
				FE4352872010CB170003B5FA /* AppDelegate.swift */,
				FE4352892010CB170003B5FA /* ViewController.swift */,
				FE43528B2010CB170003B5FA /* Main.storyboard */,
				FE4352912010CB170003B5FA /* Assets.xcassets */,
				FE4352932010CB170003B5FA /* LaunchScreen.storyboard */,
				FE4352962010CB170003B5FA /* Info.plist */,
				FE43528E2010CB170003B5FA /* pills.xcdatamodeld */,
			);
			path = pills;
			sourceTree = "<group>";
		};
/* End PBXGroup section */

/* Begin PBXNativeTarget section */
		FE4352832010CB170003B5FA /* pills */ = {
			isa = PBXNativeTarget;
			buildConfigurationList = FE4352992010CB170003B5FA /* Build configuration list for PBXNativeTarget "pills" */;
			buildPhases = (
				FE4352802010CB170003B5FA /* Sources */,
				FE4352812010CB170003B5FA /* Frameworks */,
				FE4352822010CB170003B5FA /* Resources */,
			);
			buildRules = (
			);
			dependencies = (
			);
			name = pills;
			productName = pills;
			productReference = FE4352842010CB170003B5FA /* pills.app */;
			productType = "com.apple.product-type.application";
		};
/* End PBXNativeTarget section */

/* Begin PBXProject section */
		FE43527C2010CB170003B5FA /* Project object */ = {
			isa = PBXProject;
			attributes = {
				LastSwiftUpdateCheck = 0920;
				LastUpgradeCheck = 0920;
				ORGANIZATIONNAME = "peiwen qin";
				TargetAttributes = {
					FE4352832010CB170003B5FA = {
						CreatedOnToolsVersion = 9.2;
						ProvisioningStyle = Automatic;
					};
				};
			};
			buildConfigurationList = FE43527F2010CB170003B5FA /* Build configuration list for PBXProject "pills" */;
			compatibilityVersion = "Xcode 8.0";
			developmentRegion = en;
			hasScannedForEncodings = 0;
			knownRegions = (
				en,
				Base,
			);
			mainGroup = FE43527B2010CB170003B5FA;
			productRefGroup = FE4352852010CB170003B5FA /* Products */;
			projectDirPath = "";
			projectRoot = "";
			targets = (
				FE4352832010CB170003B5FA /* pills */,
			);
		};
/* End PBXProject section */

/* Begin PBXResourcesBuildPhase section */
		FE4352822010CB170003B5FA /* Resources */ = {
			isa = PBXResourcesBuildPhase;
			buildActionMask = 2147483647;
			files = (
				FE4352952010CB170003B5FA /* LaunchScreen.storyboard in Resources */,
				FE4352922010CB170003B5FA /* Assets.xcassets in Resources */,
				FE43528D2010CB170003B5FA /* Main.storyboard in Resources */,
			);
			runOnlyForDeploymentPostprocessing = 0;
		};
/* End PBXResourcesBuildPhase section */

/* Begin PBXSourcesBuildPhase section */
		FE4352802010CB170003B5FA /* Sources */ = {
			isa = PBXSourcesBuildPhase;
			buildActionMask = 2147483647;
			files = (
				FE43528A2010CB170003B5FA /* ViewController.swift in Sources */,
				FE4352902010CB170003B5FA /* pills.xcdatamodeld in Sources */,
				FE4352882010CB170003B5FA /* AppDelegate.swift in Sources */,
			);
			runOnlyForDeploymentPostprocessing = 0;
		};
/* End PBXSourcesBuildPhase section */

/* Begin PBXVariantGroup section */
		FE43528B2010CB170003B5FA /* Main.storyboard */ = {
			isa = PBXVariantGroup;
			children = (
				FE43528C2010CB170003B5FA /* Base */,
			);
			name = Main.storyboard;
			sourceTree = "<group>";
		};
		FE4352932010CB170003B5FA /* LaunchScreen.storyboard */ = {
			isa = PBXVariantGroup;
			children = (
				FE4352942010CB170003B5FA /* Base */,
			);
			name = LaunchScreen.storyboard;
			sourceTree = "<group>";
		};
/* End PBXVariantGroup section */

/* Begin XCBuildConfiguration section */
		FE4352972010CB170003B5FA /* Debug */ = {
			isa = XCBuildConfiguration;
			buildSettings = {
				ALWAYS_SEARCH_USER_PATHS = NO;
				CLANG_ANALYZER_NONNULL = YES;
				CLANG_ANALYZER_NUMBER_OBJECT_CONVERSION = YES_AGGRESSIVE;
				CLANG_CXX_LANGUAGE_STANDARD = "gnu++14";
				CLANG_CXX_LIBRARY = "libc++";
				CLANG_ENABLE_MODULES = YES;
				CLANG_ENABLE_OBJC_ARC = YES;
				CLANG_WARN_BLOCK_CAPTURE_AUTORELEASING = YES;
				CLANG_WARN_BOOL_CONVERSION = YES;
				CLANG_WARN_COMMA = YES;
				CLANG_WARN_CONSTANT_CONVERSION = YES;
				CLANG_WARN_DIRECT_OBJC_ISA_USAGE = YES_ERROR;
				CLANG_WARN_DOCUMENTATION_COMMENTS = YES;
				CLANG_WARN_EMPTY_BODY = YES;
				CLANG_WARN_ENUM_CONVERSION = YES;
				CLANG_WARN_INFINITE_RECURSION = YES;
				CLANG_WARN_INT_CONVERSION = YES;
				CLANG_WARN_NON_LITERAL_NULL_CONVERSION = YES;
				CLANG_WARN_OBJC_LITERAL_CONVERSION = YES;
				CLANG_WARN_OBJC_ROOT_CLASS = YES_ERROR;
				CLANG_WARN_RANGE_LOOP_ANALYSIS = YES;
				CLANG_WARN_STRICT_PROTOTYPES = YES;
				CLANG_WARN_SUSPICIOUS_MOVE = YES;
				CLANG_WARN_UNGUARDED_AVAILABILITY = YES_AGGRESSIVE;
				CLANG_WARN_UNREACHABLE_CODE = YES;
				CLANG_WARN__DUPLICATE_METHOD_MATCH = YES;
				CODE_SIGN_IDENTITY = "iPhone Developer";
				COPY_PHASE_STRIP = NO;
				DEBUG_INFORMATION_FORMAT = dwarf;
				ENABLE_STRICT_OBJC_MSGSEND = YES;
				ENABLE_TESTABILITY = YES;
				GCC_C_LANGUAGE_STANDARD = gnu11;
				GCC_DYNAMIC_NO_PIC = NO;
				GCC_NO_COMMON_BLOCKS = YES;
				GCC_OPTIMIZATION_LEVEL = 0;
				GCC_PREPROCESSOR_DEFINITIONS = (
					"DEBUG=1",
					"$(inherited)",
				);
				GCC_WARN_64_TO_32_BIT_CONVERSION = YES;
				GCC_WARN_ABOUT_RETURN_TYPE = YES_ERROR;
				GCC_WARN_UNDECLARED_SELECTOR = YES;
				GCC_WARN_UNINITIALIZED_AUTOS = YES_AGGRESSIVE;
				GCC_WARN_UNUSED_FUNCTION = YES;
				GCC_WARN_UNUSED_VARIABLE = YES;
				IPHONEOS_DEPLOYMENT_TARGET = 11.2;
				MTL_ENABLE_DEBUG_INFO = YES;
				ONLY_ACTIVE_ARCH = YES;
				SDKROOT = iphoneos;
				SWIFT_ACTIVE_COMPILATION_CONDITIONS = DEBUG;
				SWIFT_OPTIMIZATION_LEVEL = "-Onone";
			};
			name = Debug;
		};
		FE4352982010CB170003B5FA /* Release */ = {
			isa = XCBuildConfiguration;
			buildSettings = {
				ALWAYS_SEARCH_USER_PATHS = NO;
				CLANG_ANALYZER_NONNULL = YES;
				CLANG_ANALYZER_NUMBER_OBJECT_CONVERSION = YES_AGGRESSIVE;
				CLANG_CXX_LANGUAGE_STANDARD = "gnu++14";
				CLANG_CXX_LIBRARY = "libc++";
				CLANG_ENABLE_MODULES = YES;
				CLANG_ENABLE_OBJC_ARC = YES;
				CLANG_WARN_BLOCK_CAPTURE_AUTORELEASING = YES;
				CLANG_WARN_BOOL_CONVERSION = YES;
				CLANG_WARN_COMMA = YES;
				CLANG_WARN_CONSTANT_CONVERSION = YES;
				CLANG_WARN_DIRECT_OBJC_ISA_USAGE = YES_ERROR;
				CLANG_WARN_DOCUMENTATION_COMMENTS = YES;
				CLANG_WARN_EMPTY_BODY = YES;
				CLANG_WARN_ENUM_CONVERSION = YES;
				CLANG_WARN_INFINITE_RECURSION = YES;
				CLANG_WARN_INT_CONVERSION = YES;
				CLANG_WARN_NON_LITERAL_NULL_CONVERSION = YES;
				CLANG_WARN_OBJC_LITERAL_CONVERSION = YES;
				CLANG_WARN_OBJC_ROOT_CLASS = YES_ERROR;
				CLANG_WARN_RANGE_LOOP_ANALYSIS = YES;
				CLANG_WARN_STRICT_PROTOTYPES = YES;
				CLANG_WARN_SUSPICIOUS_MOVE = YES;
				CLANG_WARN_UNGUARDED_AVAILABILITY = YES_AGGRESSIVE;
				CLANG_WARN_UNREACHABLE_CODE = YES;
				CLANG_WARN__DUPLICATE_METHOD_MATCH = YES;
				CODE_SIGN_IDENTITY = "iPhone Developer";
				COPY_PHASE_STRIP = NO;
				DEBUG_INFORMATION_FORMAT = "dwarf-with-dsym";
				ENABLE_NS_ASSERTIONS = NO;
				ENABLE_STRICT_OBJC_MSGSEND = YES;
				GCC_C_LANGUAGE_STANDARD = gnu11;
				GCC_NO_COMMON_BLOCKS = YES;
				GCC_WARN_64_TO_32_BIT_CONVERSION = YES;
				GCC_WARN_ABOUT_RETURN_TYPE = YES_ERROR;
				GCC_WARN_UNDECLARED_SELECTOR = YES;
				GCC_WARN_UNINITIALIZED_AUTOS = YES_AGGRESSIVE;
				GCC_WARN_UNUSED_FUNCTION = YES;
				GCC_WARN_UNUSED_VARIABLE = YES;
				IPHONEOS_DEPLOYMENT_TARGET = 11.2;
				MTL_ENABLE_DEBUG_INFO = NO;
				SDKROOT = iphoneos;
				SWIFT_OPTIMIZATION_LEVEL = "-Owholemodule";
				VALIDATE_PRODUCT = YES;
			};
			name = Release;
		};
		FE43529A2010CB170003B5FA /* Debug */ = {
			isa = XCBuildConfiguration;
			buildSettings = {
				ASSETCATALOG_COMPILER_APPICON_NAME = AppIcon;
				CODE_SIGN_STYLE = Automatic;
				DEVELOPMENT_TEAM = R65458466P;
				INFOPLIST_FILE = pills/Info.plist;
				LD_RUNPATH_SEARCH_PATHS = "$(inherited) @executable_path/Frameworks";
				PRODUCT_BUNDLE_IDENTIFIER = "qpwbnu-yahoo.com.tw.pills";
				PRODUCT_NAME = "$(TARGET_NAME)";
				SWIFT_VERSION = 4.0;
				TARGETED_DEVICE_FAMILY = "1,2";
			};
			name = Debug;
		};
		FE43529B2010CB170003B5FA /* Release */ = {
			isa = XCBuildConfiguration;
			buildSettings = {
				ASSETCATALOG_COMPILER_APPICON_NAME = AppIcon;
				CODE_SIGN_STYLE = Automatic;
				DEVELOPMENT_TEAM = R65458466P;
				INFOPLIST_FILE = pills/Info.plist;
				LD_RUNPATH_SEARCH_PATHS = "$(inherited) @executable_path/Frameworks";
				PRODUCT_BUNDLE_IDENTIFIER = "qpwbnu-yahoo.com.tw.pills";
				PRODUCT_NAME = "$(TARGET_NAME)";
				SWIFT_VERSION = 4.0;
				TARGETED_DEVICE_FAMILY = "1,2";
			};
			name = Release;
		};
/* End XCBuildConfiguration section */

/* Begin XCConfigurationList section */
		FE43527F2010CB170003B5FA /* Build configuration list for PBXProject "pills" */ = {
			isa = XCConfigurationList;
			buildConfigurations = (
				FE4352972010CB170003B5FA /* Debug */,
				FE4352982010CB170003B5FA /* Release */,
			);
			defaultConfigurationIsVisible = 0;
			defaultConfigurationName = Release;
		};
		FE4352992010CB170003B5FA /* Build configuration list for PBXNativeTarget "pills" */ = {
			isa = XCConfigurationList;
			buildConfigurations = (
				FE43529A2010CB170003B5FA /* Debug */,
				FE43529B2010CB170003B5FA /* Release */,
			);
			defaultConfigurationIsVisible = 0;
			defaultConfigurationName = Release;
		};
/* End XCConfigurationList section */

/* Begin XCVersionGroup section */
		FE43528E2010CB170003B5FA /* pills.xcdatamodeld */ = {
			isa = XCVersionGroup;
			children = (
				FE43528F2010CB170003B5FA /* pills.xcdatamodel */,
			);
			currentVersion = FE43528F2010CB170003B5FA /* pills.xcdatamodel */;
			path = pills.xcdatamodeld;
			sourceTree = "<group>";
			versionGroupType = wrapper.xcdatamodel;
		};
/* End XCVersionGroup section */
	};
	rootObject = FE43527C2010CB170003B5FA /* Project object */;
}
